
Microsoft Visual Studio Solution File, Format Version 12.00
# Visual Studio Version 17
VisualStudioVersion = 17.1.32421.90
MinimumVisualStudioVersion = 10.0.40219.1
Project("{FAE04EC0-301F-11D3-BF4B-00C04F79EFBC}") = "JitSlowmo", "JitSlowmo.csproj", "{3BA9D9FF-7730-46B1-92E2-F64670E7B235}"
EndProject
Global
	GlobalSection(SolutionConfigurationPlatforms) = preSolution
		Debug|Any CPU = Debug|Any CPU
		Release|Any CPU = Release|Any CPU
	EndGlobalSection
	GlobalSection(ProjectConfigurationPlatforms) = postSolution
		{3BA9D9FF-7730-46B1-92E2-F64670E7B235}.Debug|Any CPU.ActiveCfg = Debug|Any CPU
		{3BA9D9FF-7730-46B1-92E2-F64670E7B235}.Debug|Any CPU.Build.0 = Debug|Any CPU
		{3BA9D9FF-7730-46B1-92E2-F64670E7B235}.Release|Any CPU.ActiveCfg = Release|Any CPU
		{3BA9D9FF-7730-46B1-92E2-F64670E7B235}.Release|Any CPU.Build.0 = Release|Any CPU
	EndGlobalSection
	GlobalSection(SolutionProperties) = preSolution
		HideSolutionNode = FALSE
	EndGlobalSection
	GlobalSection(ExtensibilityGlobals) = postSolution
		SolutionGuid = {44256D3E-B653-4EFB-8B25-D953E40AEC06}
	EndGlobalSection
EndGlobal
